
Microsoft Visual Studio Solution File, Format Version 12.00
# Visual Studio Version 17
VisualStudioVersion = 17.7.34221.43
MinimumVisualStudioVersion = 10.0.40219.1
Project("{FAE04EC0-301F-11D3-BF4B-00C04F79EFBC}") = "blogWithASP", "blogWithASP.csproj", "{EBCA9E6C-E757-4277-A54C-76C07E210080}"
EndProject
Global
	GlobalSection(SolutionConfigurationPlatforms) = preSolution
		Debug|Any CPU = Debug|Any CPU
		Release|Any CPU = Release|Any CPU
	EndGlobalSection
	GlobalSection(ProjectConfigurationPlatforms) = postSolution
		{EBCA9E6C-E757-4277-A54C-76C07E210080}.Debug|Any CPU.ActiveCfg = Debug|Any CPU
		{EBCA9E6C-E757-4277-A54C-76C07E210080}.Debug|Any CPU.Build.0 = Debug|Any CPU
		{EBCA9E6C-E757-4277-A54C-76C07E210080}.Release|Any CPU.ActiveCfg = Release|Any CPU
		{EBCA9E6C-E757-4277-A54C-76C07E210080}.Release|Any CPU.Build.0 = Release|Any CPU
	EndGlobalSection
	GlobalSection(SolutionProperties) = preSolution
		HideSolutionNode = FALSE
	EndGlobalSection
	GlobalSection(ExtensibilityGlobals) = postSolution
		SolutionGuid = {152867B3-84A9-4F52-859E-54C853C389EE}
	EndGlobalSection
EndGlobal
